
Microsoft Visual Studio Solution File, Format Version 12.00
# Visual Studio Version 16
VisualStudioVersion = 16.0.29911.84
MinimumVisualStudioVersion = 10.0.40219.1
Project("{FAE04EC0-301F-11D3-BF4B-00C04F79EFBC}") = "MoviesManager", "MoviesManager.csproj", "{84708C39-4FB9-4423-9AD2-26D0E9068EEC}"
EndProject
Global
	GlobalSection(SolutionConfigurationPlatforms) = preSolution
		Debug|Any CPU = Debug|Any CPU
		Release|Any CPU = Release|Any CPU
	EndGlobalSection
	GlobalSection(ProjectConfigurationPlatforms) = postSolution
		{84708C39-4FB9-4423-9AD2-26D0E9068EEC}.Debug|Any CPU.ActiveCfg = Debug|Any CPU
		{84708C39-4FB9-4423-9AD2-26D0E9068EEC}.Debug|Any CPU.Build.0 = Debug|Any CPU
		{84708C39-4FB9-4423-9AD2-26D0E9068EEC}.Release|Any CPU.ActiveCfg = Release|Any CPU
		{84708C39-4FB9-4423-9AD2-26D0E9068EEC}.Release|Any CPU.Build.0 = Release|Any CPU
	EndGlobalSection
	GlobalSection(SolutionProperties) = preSolution
		HideSolutionNode = FALSE
	EndGlobalSection
	GlobalSection(ExtensibilityGlobals) = postSolution
		SolutionGuid = {85B8EC0A-0903-4E01-A28D-2572C557A8B0}
	EndGlobalSection
EndGlobal
